
Microsoft Visual Studio Solution File, Format Version 12.00
# Visual Studio 2012
Project("{FAE04EC0-301F-11D3-BF4B-00C04F79EFBC}") = "Nesnelerin Kullanımı", "Nesnelerin Kullanımı\Nesnelerin Kullanımı.csproj", "{07A1998F-23D5-4C6C-A9B3-27A44E55EC7F}"
EndProject
Project("{2150E333-8FDC-42A3-9474-1A3956D46DE8}") = "NewFolder1", "NewFolder1", "{1907FA2B-D18D-4DB2-8FB2-E60B288CB79B}"
EndProject
Global
	GlobalSection(SolutionConfigurationPlatforms) = preSolution
		Debug|Any CPU = Debug|Any CPU
		Release|Any CPU = Release|Any CPU
	EndGlobalSection
	GlobalSection(ProjectConfigurationPlatforms) = postSolution
		{07A1998F-23D5-4C6C-A9B3-27A44E55EC7F}.Debug|Any CPU.ActiveCfg = Debug|Any CPU
		{07A1998F-23D5-4C6C-A9B3-27A44E55EC7F}.Debug|Any CPU.Build.0 = Debug|Any CPU
		{07A1998F-23D5-4C6C-A9B3-27A44E55EC7F}.Release|Any CPU.ActiveCfg = Release|Any CPU
		{07A1998F-23D5-4C6C-A9B3-27A44E55EC7F}.Release|Any CPU.Build.0 = Release|Any CPU
	EndGlobalSection
	GlobalSection(SolutionProperties) = preSolution
		HideSolutionNode = FALSE
	EndGlobalSection
EndGlobal
